
Microsoft Visual Studio Solution File, Format Version 10.00
# Visual Studio 2008
Project("{8BC9CEB8-8B4A-11D0-8D11-00A0C91BC942}") = "gq", "libgq\gq.vcproj", "{905B9728-9535-3FBB-B013-7368F26E9D0C}"
EndProject
Project("{8BC9CEB8-8B4A-11D0-8D11-00A0C91BC942}") = "demoutils", "demoutils\demoutils.vcproj", "{7DEC8726-4135-3D7C-A66F-06825AE8EBC7}"
EndProject
Project("{8BC9CEB8-8B4A-11D0-8D11-00A0C91BC942}") = "qglviewer", "qglviewer\qglviewer.vcproj", "{52DBDC3A-0FAB-39CC-A69F-0BA57FCFFC23}"
EndProject
Project("{8BC9CEB8-8B4A-11D0-8D11-00A0C91BC942}") = "trimesh", "trimesh2\trimesh.vcproj", "{A73CB0FB-B712-3698-9BB9-289A6B48EDF3}"
EndProject
Project("{8BC9CEB8-8B4A-11D0-8D11-00A0C91BC942}") = "qrtsc", "qviewer\qrtsc.vcproj", "{E2BB4AD0-7E94-3E4D-A221-FEBCAD309653}"
EndProject
Global
	GlobalSection(SolutionConfigurationPlatforms) = preSolution
		Debug|Win32 = Debug|Win32
		Release|Win32 = Release|Win32
	EndGlobalSection
	GlobalSection(ProjectConfigurationPlatforms) = postSolution
		{905B9728-9535-3FBB-B013-7368F26E9D0C}.Debug|Win32.ActiveCfg = Debug|Win32
		{905B9728-9535-3FBB-B013-7368F26E9D0C}.Debug|Win32.Build.0 = Debug|Win32
		{905B9728-9535-3FBB-B013-7368F26E9D0C}.Release|Win32.ActiveCfg = Release|Win32
		{905B9728-9535-3FBB-B013-7368F26E9D0C}.Release|Win32.Build.0 = Release|Win32
		{7DEC8726-4135-3D7C-A66F-06825AE8EBC7}.Debug|Win32.ActiveCfg = Debug|Win32
		{7DEC8726-4135-3D7C-A66F-06825AE8EBC7}.Debug|Win32.Build.0 = Debug|Win32
		{7DEC8726-4135-3D7C-A66F-06825AE8EBC7}.Release|Win32.ActiveCfg = Release|Win32
		{7DEC8726-4135-3D7C-A66F-06825AE8EBC7}.Release|Win32.Build.0 = Release|Win32
		{52DBDC3A-0FAB-39CC-A69F-0BA57FCFFC23}.Debug|Win32.ActiveCfg = Debug|Win32
		{52DBDC3A-0FAB-39CC-A69F-0BA57FCFFC23}.Debug|Win32.Build.0 = Debug|Win32
		{52DBDC3A-0FAB-39CC-A69F-0BA57FCFFC23}.Release|Win32.ActiveCfg = Release|Win32
		{52DBDC3A-0FAB-39CC-A69F-0BA57FCFFC23}.Release|Win32.Build.0 = Release|Win32
		{A73CB0FB-B712-3698-9BB9-289A6B48EDF3}.Debug|Win32.ActiveCfg = Debug|Win32
		{A73CB0FB-B712-3698-9BB9-289A6B48EDF3}.Debug|Win32.Build.0 = Debug|Win32
		{A73CB0FB-B712-3698-9BB9-289A6B48EDF3}.Release|Win32.ActiveCfg = Release|Win32
		{A73CB0FB-B712-3698-9BB9-289A6B48EDF3}.Release|Win32.Build.0 = Release|Win32
		{E2BB4AD0-7E94-3E4D-A221-FEBCAD309653}.Debug|Win32.ActiveCfg = Debug|Win32
		{E2BB4AD0-7E94-3E4D-A221-FEBCAD309653}.Debug|Win32.Build.0 = Debug|Win32
		{E2BB4AD0-7E94-3E4D-A221-FEBCAD309653}.Release|Win32.ActiveCfg = Release|Win32
		{E2BB4AD0-7E94-3E4D-A221-FEBCAD309653}.Release|Win32.Build.0 = Release|Win32
	EndGlobalSection
	GlobalSection(SolutionProperties) = preSolution
		HideSolutionNode = FALSE
	EndGlobalSection
EndGlobal
