
Microsoft Visual Studio Solution File, Format Version 10.00
# Visual Studio 2008
Project("{8BC9CEB8-8B4A-11D0-8D11-00A0C91BC942}") = "qviewer", "qviewer.vcproj", "{77D88988-0DC2-3D47-BAAC-9791124C868F}"
	ProjectSection(ProjectDependencies) = postProject
		{B017454F-FB31-38C2-9F84-C3FF3D7A61C2} = {B017454F-FB31-38C2-9F84-C3FF3D7A61C2}
		{E7AD9C74-CB09-3E92-86DD-1285DD06D228} = {E7AD9C74-CB09-3E92-86DD-1285DD06D228}
	EndProjectSection
EndProject
Project("{8BC9CEB8-8B4A-11D0-8D11-00A0C91BC942}") = "gq", "..\libgq\gq.vcproj", "{B017454F-FB31-38C2-9F84-C3FF3D7A61C2}"
EndProject
Project("{8BC9CEB8-8B4A-11D0-8D11-00A0C91BC942}") = "qglviewer", "..\qglviewer\qglviewer.vcproj", "{E7AD9C74-CB09-3E92-86DD-1285DD06D228}"
EndProject
Global
	GlobalSection(SolutionConfigurationPlatforms) = preSolution
		Debug|Win32 = Debug|Win32
		Release|Win32 = Release|Win32
	EndGlobalSection
	GlobalSection(ProjectConfigurationPlatforms) = postSolution
		{77D88988-0DC2-3D47-BAAC-9791124C868F}.Debug|Win32.ActiveCfg = Debug|Win32
		{77D88988-0DC2-3D47-BAAC-9791124C868F}.Debug|Win32.Build.0 = Debug|Win32
		{77D88988-0DC2-3D47-BAAC-9791124C868F}.Release|Win32.ActiveCfg = Release|Win32
		{77D88988-0DC2-3D47-BAAC-9791124C868F}.Release|Win32.Build.0 = Release|Win32
		{B017454F-FB31-38C2-9F84-C3FF3D7A61C2}.Debug|Win32.ActiveCfg = Debug|Win32
		{B017454F-FB31-38C2-9F84-C3FF3D7A61C2}.Debug|Win32.Build.0 = Debug|Win32
		{B017454F-FB31-38C2-9F84-C3FF3D7A61C2}.Release|Win32.ActiveCfg = Release|Win32
		{B017454F-FB31-38C2-9F84-C3FF3D7A61C2}.Release|Win32.Build.0 = Release|Win32
		{E7AD9C74-CB09-3E92-86DD-1285DD06D228}.Debug|Win32.ActiveCfg = Debug|Win32
		{E7AD9C74-CB09-3E92-86DD-1285DD06D228}.Debug|Win32.Build.0 = Debug|Win32
		{E7AD9C74-CB09-3E92-86DD-1285DD06D228}.Release|Win32.ActiveCfg = Release|Win32
		{E7AD9C74-CB09-3E92-86DD-1285DD06D228}.Release|Win32.Build.0 = Release|Win32
	EndGlobalSection
	GlobalSection(SolutionProperties) = preSolution
		HideSolutionNode = FALSE
	EndGlobalSection
EndGlobal
